{
    "name": "backend-descg",
    "lockfileVersion": 3,
    "requires": true,
    "packages": {
        "": {
            "devDependencies": {
                "@tailwindcss/vite": "...",
                "axios": "...",
                "laravel-vite-plugin": "...",
                "vite": "..."
            }
        },
        "...": {
            "dev": true
        },
        "node_modules/@tailwindcss/vite": {
            "resolved": "...",
            "link": true
        },
        "node_modules/axios": {
            "resolved": "...",
            "link": true
        },
        "node_modules/laravel-vite-plugin": {
            "resolved": "...",
            "link": true
        },
        "node_modules/vite": {
            "resolved": "...",
            "link": true
        }
    }
}
